// !$*UTF8*$!
{
	archiveVersion = 1;
	classes = {
	};
	objectVersion = 55;
	objects = {

/* Begin PBXBuildFile section */
		B6F6CC0E2987B1FE00072BE4 /* AppDelegate.swift in Sources */ = {isa = PBXBuildFile; fileRef = B6F6CC0D2987B1FE00072BE4 /* AppDelegate.swift */; };
		B6F6CC102987B1FE00072BE4 /* SceneDelegate.swift in Sources */ = {isa = PBXBuildFile; fileRef = B6F6CC0F2987B1FE00072BE4 /* SceneDelegate.swift */; };
		B6F6CC122987B1FE00072BE4 /* ViewController.swift in Sources */ = {isa = PBXBuildFile; fileRef = B6F6CC112987B1FE00072BE4 /* ViewController.swift */; };
		B6F6CC152987B1FE00072BE4 /* Main.storyboard in Resources */ = {isa = PBXBuildFile; fileRef = B6F6CC132987B1FE00072BE4 /* Main.storyboard */; };
		B6F6CC172987B1FF00072BE4 /* Assets.xcassets in Resources */ = {isa = PBXBuildFile; fileRef = B6F6CC162987B1FF00072BE4 /* Assets.xcassets */; };
		B6F6CC1A2987B1FF00072BE4 /* LaunchScreen.storyboard in Resources */ = {isa = PBXBuildFile; fileRef = B6F6CC182987B1FF00072BE4 /* LaunchScreen.storyboard */; };
		B6F6CC252987B1FF00072BE4 /* flutter_demoTests.swift in Sources */ = {isa = PBXBuildFile; fileRef = B6F6CC242987B1FF00072BE4 /* flutter_demoTests.swift */; };
		B6F6CC2F2987B1FF00072BE4 /* flutter_demoUITests.swift in Sources */ = {isa = PBXBuildFile; fileRef = B6F6CC2E2987B1FF00072BE4 /* flutter_demoUITests.swift */; };
		B6F6CC312987B1FF00072BE4 /* flutter_demoUITestsLaunchTests.swift in Sources */ = {isa = PBXBuildFile; fileRef = B6F6CC302987B1FF00072BE4 /* flutter_demoUITestsLaunchTests.swift */; };
		EBE1812F435B4183C1A7A60B /* Pods_flutter_demo.framework in Frameworks */ = {isa = PBXBuildFile; fileRef = D6889BF2CC8D70F7AEB74C18 /* Pods_flutter_demo.framework */; };
/* End PBXBuildFile section */

/* Begin PBXContainerItemProxy section */
		B6F6CC212987B1FF00072BE4 /* PBXContainerItemProxy */ = {
			isa = PBXContainerItemProxy;
			containerPortal = B6F6CC022987B1FE00072BE4 /* Project object */;
			proxyType = 1;
			remoteGlobalIDString = B6F6CC092987B1FE00072BE4;
			remoteInfo = flutter_demo;
		};
		B6F6CC2B2987B1FF00072BE4 /* PBXContainerItemProxy */ = {
			isa = PBXContainerItemProxy;
			containerPortal = B6F6CC022987B1FE00072BE4 /* Project object */;
			proxyType = 1;
			remoteGlobalIDString = B6F6CC092987B1FE00072BE4;
			remoteInfo = flutter_demo;
		};
/* End PBXContainerItemProxy section */

/* Begin PBXFileReference section */
		644DED33D932BD9D4996139D /* Pods-flutter_demo.release.xcconfig */ = {isa = PBXFileReference; includeInIndex = 1; lastKnownFileType = text.xcconfig; name = "Pods-flutter_demo.release.xcconfig"; path = "Target Support Files/Pods-flutter_demo/Pods-flutter_demo.release.xcconfig"; sourceTree = "<group>"; };
		8E26B2FFC8FAD8AED520723A /* Pods-flutter_demo.debug.xcconfig */ = {isa = PBXFileReference; includeInIndex = 1; lastKnownFileType = text.xcconfig; name = "Pods-flutter_demo.debug.xcconfig"; path = "Target Support Files/Pods-flutter_demo/Pods-flutter_demo.debug.xcconfig"; sourceTree = "<group>"; };
		B6F6CC0A2987B1FE00072BE4 /* flutter_demo.app */ = {isa = PBXFileReference; explicitFileType = wrapper.application; includeInIndex = 0; path = flutter_demo.app; sourceTree = BUILT_PRODUCTS_DIR; };
		B6F6CC0D2987B1FE00072BE4 /* AppDelegate.swift */ = {isa = PBXFileReference; lastKnownFileType = sourcecode.swift; path = AppDelegate.swift; sourceTree = "<group>"; };
		B6F6CC0F2987B1FE00072BE4 /* SceneDelegate.swift */ = {isa = PBXFileReference; lastKnownFileType = sourcecode.swift; path = SceneDelegate.swift; sourceTree = "<group>"; };
		B6F6CC112987B1FE00072BE4 /* ViewController.swift */ = {isa = PBXFileReference; lastKnownFileType = sourcecode.swift; path = ViewController.swift; sourceTree = "<group>"; };
		B6F6CC142987B1FE00072BE4 /* Base */ = {isa = PBXFileReference; lastKnownFileType = file.storyboard; name = Base; path = Base.lproj/Main.storyboard; sourceTree = "<group>"; };
		B6F6CC162987B1FF00072BE4 /* Assets.xcassets */ = {isa = PBXFileReference; lastKnownFileType = folder.assetcatalog; path = Assets.xcassets; sourceTree = "<group>"; };
		B6F6CC192987B1FF00072BE4 /* Base */ = {isa = PBXFileReference; lastKnownFileType = file.storyboard; name = Base; path = Base.lproj/LaunchScreen.storyboard; sourceTree = "<group>"; };
		B6F6CC1B2987B1FF00072BE4 /* Info.plist */ = {isa = PBXFileReference; lastKnownFileType = text.plist.xml; path = Info.plist; sourceTree = "<group>"; };
		B6F6CC202987B1FF00072BE4 /* flutter_demoTests.xctest */ = {isa = PBXFileReference; explicitFileType = wrapper.cfbundle; includeInIndex = 0; path = flutter_demoTests.xctest; sourceTree = BUILT_PRODUCTS_DIR; };
		B6F6CC242987B1FF00072BE4 /* flutter_demoTests.swift */ = {isa = PBXFileReference; lastKnownFileType = sourcecode.swift; path = flutter_demoTests.swift; sourceTree = "<group>"; };
		B6F6CC2A2987B1FF00072BE4 /* flutter_demoUITests.xctest */ = {isa = PBXFileReference; explicitFileType = wrapper.cfbundle; includeInIndex = 0; path = flutter_demoUITests.xctest; sourceTree = BUILT_PRODUCTS_DIR; };
		B6F6CC2E2987B1FF00072BE4 /* flutter_demoUITests.swift */ = {isa = PBXFileReference; lastKnownFileType = sourcecode.swift; path = flutter_demoUITests.swift; sourceTree = "<group>"; };
		B6F6CC302987B1FF00072BE4 /* flutter_demoUITestsLaunchTests.swift */ = {isa = PBXFileReference; lastKnownFileType = sourcecode.swift; path = flutter_demoUITestsLaunchTests.swift; sourceTree = "<group>"; };
		D6889BF2CC8D70F7AEB74C18 /* Pods_flutter_demo.framework */ = {isa = PBXFileReference; explicitFileType = wrapper.framework; includeInIndex = 0; path = Pods_flutter_demo.framework; sourceTree = BUILT_PRODUCTS_DIR; };
/* End PBXFileReference section */

/* Begin PBXFrameworksBuildPhase section */
		B6F6CC072987B1FE00072BE4 /* Frameworks */ = {
			isa = PBXFrameworksBuildPhase;
			buildActionMask = 2147483647;
			files = (
				EBE1812F435B4183C1A7A60B /* Pods_flutter_demo.framework in Frameworks */,
			);
			runOnlyForDeploymentPostprocessing = 0;
		};
		B6F6CC1D2987B1FF00072BE4 /* Frameworks */ = {
			isa = PBXFrameworksBuildPhase;
			buildActionMask = 2147483647;
			files = (
			);
			runOnlyForDeploymentPostprocessing = 0;
		};
		B6F6CC272987B1FF00072BE4 /* Frameworks */ = {
			isa = PBXFrameworksBuildPhase;
			buildActionMask = 2147483647;
			files = (
			);
			runOnlyForDeploymentPostprocessing = 0;
		};
/* End PBXFrameworksBuildPhase section */

/* Begin PBXGroup section */
		AA8F1FB6CC13E8931C6C4837 /* Frameworks */ = {
			isa = PBXGroup;
			children = (
				D6889BF2CC8D70F7AEB74C18 /* Pods_flutter_demo.framework */,
			);
			name = Frameworks;
			sourceTree = "<group>";
		};
		B6F6CC012987B1FE00072BE4 = {
			isa = PBXGroup;
			children = (
				B6F6CC0C2987B1FE00072BE4 /* flutter_demo */,
				B6F6CC232987B1FF00072BE4 /* flutter_demoTests */,
				B6F6CC2D2987B1FF00072BE4 /* flutter_demoUITests */,
				B6F6CC0B2987B1FE00072BE4 /* Products */,
				CF0906F5AC9F1611A312FD2D /* Pods */,
				AA8F1FB6CC13E8931C6C4837 /* Frameworks */,
			);
			sourceTree = "<group>";
		};
		B6F6CC0B2987B1FE00072BE4 /* Products */ = {
			isa = PBXGroup;
			children = (
				B6F6CC0A2987B1FE00072BE4 /* flutter_demo.app */,
				B6F6CC202987B1FF00072BE4 /* flutter_demoTests.xctest */,
				B6F6CC2A2987B1FF00072BE4 /* flutter_demoUITests.xctest */,
			);
			name = Products;
			sourceTree = "<group>";
		};
		B6F6CC0C2987B1FE00072BE4 /* flutter_demo */ = {
			isa = PBXGroup;
			children = (
				B6F6CC0D2987B1FE00072BE4 /* AppDelegate.swift */,
				B6F6CC0F2987B1FE00072BE4 /* SceneDelegate.swift */,
				B6F6CC112987B1FE00072BE4 /* ViewController.swift */,
				B6F6CC132987B1FE00072BE4 /* Main.storyboard */,
				B6F6CC162987B1FF00072BE4 /* Assets.xcassets */,
				B6F6CC182987B1FF00072BE4 /* LaunchScreen.storyboard */,
				B6F6CC1B2987B1FF00072BE4 /* Info.plist */,
			);
			path = flutter_demo;
			sourceTree = "<group>";
		};
		B6F6CC232987B1FF00072BE4 /* flutter_demoTests */ = {
			isa = PBXGroup;
			children = (
				B6F6CC242987B1FF00072BE4 /* flutter_demoTests.swift */,
			);
			path = flutter_demoTests;
			sourceTree = "<group>";
		};
		B6F6CC2D2987B1FF00072BE4 /* flutter_demoUITests */ = {
			isa = PBXGroup;
			children = (
				B6F6CC2E2987B1FF00072BE4 /* flutter_demoUITests.swift */,
				B6F6CC302987B1FF00072BE4 /* flutter_demoUITestsLaunchTests.swift */,
			);
			path = flutter_demoUITests;
			sourceTree = "<group>";
		};
		CF0906F5AC9F1611A312FD2D /* Pods */ = {
			isa = PBXGroup;
			children = (
				8E26B2FFC8FAD8AED520723A /* Pods-flutter_demo.debug.xcconfig */,
				644DED33D932BD9D4996139D /* Pods-flutter_demo.release.xcconfig */,
			);
			path = Pods;
			sourceTree = "<group>";
		};
/* End PBXGroup section */

/* Begin PBXNativeTarget section */
		B6F6CC092987B1FE00072BE4 /* flutter_demo */ = {
			isa = PBXNativeTarget;
			buildConfigurationList = B6F6CC342987B1FF00072BE4 /* Build configuration list for PBXNativeTarget "flutter_demo" */;
			buildPhases = (
				228E7C5FB29D6F39FE7DBDE5 /* [CP] Check Pods Manifest.lock */,
				48A26DFDE130FA2099827F7E /* [CP-User] Run Flutter Build host Script */,
				B6F6CC062987B1FE00072BE4 /* Sources */,
				B6F6CC072987B1FE00072BE4 /* Frameworks */,
				B6F6CC082987B1FE00072BE4 /* Resources */,
				F2BA711211D5818B19EA287B /* [CP] Copy Pods Resources */,
				588012984C4223CF84CF3AE8 /* [CP-User] Embed Flutter Build host Script */,
			);
			buildRules = (
			);
			dependencies = (
			);
			name = flutter_demo;
			productName = flutter_demo;
			productReference = B6F6CC0A2987B1FE00072BE4 /* flutter_demo.app */;
			productType = "com.apple.product-type.application";
		};
		B6F6CC1F2987B1FF00072BE4 /* flutter_demoTests */ = {
			isa = PBXNativeTarget;
			buildConfigurationList = B6F6CC372987B1FF00072BE4 /* Build configuration list for PBXNativeTarget "flutter_demoTests" */;
			buildPhases = (
				B6F6CC1C2987B1FF00072BE4 /* Sources */,
				B6F6CC1D2987B1FF00072BE4 /* Frameworks */,
				B6F6CC1E2987B1FF00072BE4 /* Resources */,
			);
			buildRules = (
			);
			dependencies = (
				B6F6CC222987B1FF00072BE4 /* PBXTargetDependency */,
			);
			name = flutter_demoTests;
			productName = flutter_demoTests;
			productReference = B6F6CC202987B1FF00072BE4 /* flutter_demoTests.xctest */;
			productType = "com.apple.product-type.bundle.unit-test";
		};
		B6F6CC292987B1FF00072BE4 /* flutter_demoUITests */ = {
			isa = PBXNativeTarget;
			buildConfigurationList = B6F6CC3A2987B1FF00072BE4 /* Build configuration list for PBXNativeTarget "flutter_demoUITests" */;
			buildPhases = (
				B6F6CC262987B1FF00072BE4 /* Sources */,
				B6F6CC272987B1FF00072BE4 /* Frameworks */,
				B6F6CC282987B1FF00072BE4 /* Resources */,
			);
			buildRules = (
			);
			dependencies = (
				B6F6CC2C2987B1FF00072BE4 /* PBXTargetDependency */,
			);
			name = flutter_demoUITests;
			productName = flutter_demoUITests;
			productReference = B6F6CC2A2987B1FF00072BE4 /* flutter_demoUITests.xctest */;
			productType = "com.apple.product-type.bundle.ui-testing";
		};
/* End PBXNativeTarget section */

/* Begin PBXProject section */
		B6F6CC022987B1FE00072BE4 /* Project object */ = {
			isa = PBXProject;
			attributes = {
				BuildIndependentTargetsInParallel = 1;
				LastSwiftUpdateCheck = 1340;
				LastUpgradeCheck = 1340;
				TargetAttributes = {
					B6F6CC092987B1FE00072BE4 = {
						CreatedOnToolsVersion = 13.4.1;
					};
					B6F6CC1F2987B1FF00072BE4 = {
						CreatedOnToolsVersion = 13.4.1;
						TestTargetID = B6F6CC092987B1FE00072BE4;
					};
					B6F6CC292987B1FF00072BE4 = {
						CreatedOnToolsVersion = 13.4.1;
						TestTargetID = B6F6CC092987B1FE00072BE4;
					};
				};
			};
			buildConfigurationList = B6F6CC052987B1FE00072BE4 /* Build configuration list for PBXProject "flutter_demo" */;
			compatibilityVersion = "Xcode 13.0";
			developmentRegion = en;
			hasScannedForEncodings = 0;
			knownRegions = (
				en,
				Base,
			);
			mainGroup = B6F6CC012987B1FE00072BE4;
			productRefGroup = B6F6CC0B2987B1FE00072BE4 /* Products */;
			projectDirPath = "";
			projectRoot = "";
			targets = (
				B6F6CC092987B1FE00072BE4 /* flutter_demo */,
				B6F6CC1F2987B1FF00072BE4 /* flutter_demoTests */,
				B6F6CC292987B1FF00072BE4 /* flutter_demoUITests */,
			);
		};
/* End PBXProject section */

/* Begin PBXResourcesBuildPhase section */
		B6F6CC082987B1FE00072BE4 /* Resources */ = {
			isa = PBXResourcesBuildPhase;
			buildActionMask = 2147483647;
			files = (
				B6F6CC1A2987B1FF00072BE4 /* LaunchScreen.storyboard in Resources */,
				B6F6CC172987B1FF00072BE4 /* Assets.xcassets in Resources */,
				B6F6CC152987B1FE00072BE4 /* Main.storyboard in Resources */,
			);
			runOnlyForDeploymentPostprocessing = 0;
		};
		B6F6CC1E2987B1FF00072BE4 /* Resources */ = {
			isa = PBXResourcesBuildPhase;
			buildActionMask = 2147483647;
			files = (
			);
			runOnlyForDeploymentPostprocessing = 0;
		};
		B6F6CC282987B1FF00072BE4 /* Resources */ = {
			isa = PBXResourcesBuildPhase;
			buildActionMask = 2147483647;
			files = (
			);
			runOnlyForDeploymentPostprocessing = 0;
		};
/* End PBXResourcesBuildPhase section */

/* Begin PBXShellScriptBuildPhase section */
		228E7C5FB29D6F39FE7DBDE5 /* [CP] Check Pods Manifest.lock */ = {
			isa = PBXShellScriptBuildPhase;
			buildActionMask = 2147483647;
			files = (
			);
			inputFileListPaths = (
			);
			inputPaths = (
				"${PODS_PODFILE_DIR_PATH}/Podfile.lock",
				"${PODS_ROOT}/Manifest.lock",
			);
			name = "[CP] Check Pods Manifest.lock";
			outputFileListPaths = (
			);
			outputPaths = (
				"$(DERIVED_FILE_DIR)/Pods-flutter_demo-checkManifestLockResult.txt",
			);
			runOnlyForDeploymentPostprocessing = 0;
			shellPath = /bin/sh;
			shellScript = "diff \"${PODS_PODFILE_DIR_PATH}/Podfile.lock\" \"${PODS_ROOT}/Manifest.lock\" > /dev/null\nif [ $? != 0 ] ; then\n    # print error to STDERR\n    echo \"error: The sandbox is not in sync with the Podfile.lock. Run 'pod install' or update your CocoaPods installation.\" >&2\n    exit 1\nfi\n# This output is used by Xcode 'outputs' to avoid re-running this script phase.\necho \"SUCCESS\" > \"${SCRIPT_OUTPUT_FILE_0}\"\n";
			showEnvVarsInLog = 0;
		};
		48A26DFDE130FA2099827F7E /* [CP-User] Run Flutter Build host Script */ = {
			isa = PBXShellScriptBuildPhase;
			buildActionMask = 2147483647;
			files = (
			);
			name = "[CP-User] Run Flutter Build host Script";
			runOnlyForDeploymentPostprocessing = 0;
			shellPath = /bin/sh;
			shellScript = "set -e\nset -u\nsource \"${SRCROOT}/../../../../sohu/code/sohu_mobile_flutter_host/.ios/Flutter/flutter_export_environment.sh\"\nexport VERBOSE_SCRIPT_LOGGING=1 && \"$FLUTTER_ROOT\"/packages/flutter_tools/bin/xcode_backend.sh build";
		};
		588012984C4223CF84CF3AE8 /* [CP-User] Embed Flutter Build host Script */ = {
			isa = PBXShellScriptBuildPhase;
			buildActionMask = 2147483647;
			files = (
			);
			name = "[CP-User] Embed Flutter Build host Script";
			runOnlyForDeploymentPostprocessing = 0;
			shellPath = /bin/sh;
			shellScript = "set -e\nset -u\nsource \"${SRCROOT}/../../../../sohu/code/sohu_mobile_flutter_host/.ios/Flutter/flutter_export_environment.sh\"\nexport VERBOSE_SCRIPT_LOGGING=1 && \"$FLUTTER_ROOT\"/packages/flutter_tools/bin/xcode_backend.sh embed_and_thin";
		};
		F2BA711211D5818B19EA287B /* [CP] Copy Pods Resources */ = {
			isa = PBXShellScriptBuildPhase;
			buildActionMask = 2147483647;
			files = (
			);
			inputFileListPaths = (
			);
			name = "[CP] Copy Pods Resources";
			outputFileListPaths = (
			);
			runOnlyForDeploymentPostprocessing = 0;
			shellPath = /bin/sh;
			shellScript = "\"${PODS_ROOT}/Target Support Files/Pods-flutter_demo/Pods-flutter_demo-resources.sh\"\n";
			showEnvVarsInLog = 0;
		};
/* End PBXShellScriptBuildPhase section */

/* Begin PBXSourcesBuildPhase section */
		B6F6CC062987B1FE00072BE4 /* Sources */ = {
			isa = PBXSourcesBuildPhase;
			buildActionMask = 2147483647;
			files = (
				B6F6CC122987B1FE00072BE4 /* ViewController.swift in Sources */,
				B6F6CC0E2987B1FE00072BE4 /* AppDelegate.swift in Sources */,
				B6F6CC102987B1FE00072BE4 /* SceneDelegate.swift in Sources */,
			);
			runOnlyForDeploymentPostprocessing = 0;
		};
		B6F6CC1C2987B1FF00072BE4 /* Sources */ = {
			isa = PBXSourcesBuildPhase;
			buildActionMask = 2147483647;
			files = (
				B6F6CC252987B1FF00072BE4 /* flutter_demoTests.swift in Sources */,
			);
			runOnlyForDeploymentPostprocessing = 0;
		};
		B6F6CC262987B1FF00072BE4 /* Sources */ = {
			isa = PBXSourcesBuildPhase;
			buildActionMask = 2147483647;
			files = (
				B6F6CC312987B1FF00072BE4 /* flutter_demoUITestsLaunchTests.swift in Sources */,
				B6F6CC2F2987B1FF00072BE4 /* flutter_demoUITests.swift in Sources */,
			);
			runOnlyForDeploymentPostprocessing = 0;
		};
/* End PBXSourcesBuildPhase section */

/* Begin PBXTargetDependency section */
		B6F6CC222987B1FF00072BE4 /* PBXTargetDependency */ = {
			isa = PBXTargetDependency;
			target = B6F6CC092987B1FE00072BE4 /* flutter_demo */;
			targetProxy = B6F6CC212987B1FF00072BE4 /* PBXContainerItemProxy */;
		};
		B6F6CC2C2987B1FF00072BE4 /* PBXTargetDependency */ = {
			isa = PBXTargetDependency;
			target = B6F6CC092987B1FE00072BE4 /* flutter_demo */;
			targetProxy = B6F6CC2B2987B1FF00072BE4 /* PBXContainerItemProxy */;
		};
/* End PBXTargetDependency section */

/* Begin PBXVariantGroup section */
		B6F6CC132987B1FE00072BE4 /* Main.storyboard */ = {
			isa = PBXVariantGroup;
			children = (
				B6F6CC142987B1FE00072BE4 /* Base */,
			);
			name = Main.storyboard;
			sourceTree = "<group>";
		};
		B6F6CC182987B1FF00072BE4 /* LaunchScreen.storyboard */ = {
			isa = PBXVariantGroup;
			children = (
				B6F6CC192987B1FF00072BE4 /* Base */,
			);
			name = LaunchScreen.storyboard;
			sourceTree = "<group>";
		};
/* End PBXVariantGroup section */

/* Begin XCBuildConfiguration section */
		B6F6CC322987B1FF00072BE4 /* Debug */ = {
			isa = XCBuildConfiguration;
			buildSettings = {
				ALWAYS_SEARCH_USER_PATHS = NO;
				CLANG_ANALYZER_NONNULL = YES;
				CLANG_ANALYZER_NUMBER_OBJECT_CONVERSION = YES_AGGRESSIVE;
				CLANG_CXX_LANGUAGE_STANDARD = "gnu++17";
				CLANG_ENABLE_MODULES = YES;
				CLANG_ENABLE_OBJC_ARC = YES;
				CLANG_ENABLE_OBJC_WEAK = YES;
				CLANG_WARN_BLOCK_CAPTURE_AUTORELEASING = YES;
				CLANG_WARN_BOOL_CONVERSION = YES;
				CLANG_WARN_COMMA = YES;
				CLANG_WARN_CONSTANT_CONVERSION = YES;
				CLANG_WARN_DEPRECATED_OBJC_IMPLEMENTATIONS = YES;
				CLANG_WARN_DIRECT_OBJC_ISA_USAGE = YES_ERROR;
				CLANG_WARN_DOCUMENTATION_COMMENTS = YES;
				CLANG_WARN_EMPTY_BODY = YES;
				CLANG_WARN_ENUM_CONVERSION = YES;
				CLANG_WARN_INFINITE_RECURSION = YES;
				CLANG_WARN_INT_CONVERSION = YES;
				CLANG_WARN_NON_LITERAL_NULL_CONVERSION = YES;
				CLANG_WARN_OBJC_IMPLICIT_RETAIN_SELF = YES;
				CLANG_WARN_OBJC_LITERAL_CONVERSION = YES;
				CLANG_WARN_OBJC_ROOT_CLASS = YES_ERROR;
				CLANG_WARN_QUOTED_INCLUDE_IN_FRAMEWORK_HEADER = YES;
				CLANG_WARN_RANGE_LOOP_ANALYSIS = YES;
				CLANG_WARN_STRICT_PROTOTYPES = YES;
				CLANG_WARN_SUSPICIOUS_MOVE = YES;
				CLANG_WARN_UNGUARDED_AVAILABILITY = YES_AGGRESSIVE;
				CLANG_WARN_UNREACHABLE_CODE = YES;
				CLANG_WARN__DUPLICATE_METHOD_MATCH = YES;
				COPY_PHASE_STRIP = NO;
				DEBUG_INFORMATION_FORMAT = dwarf;
				ENABLE_STRICT_OBJC_MSGSEND = YES;
				ENABLE_TESTABILITY = YES;
				GCC_C_LANGUAGE_STANDARD = gnu11;
				GCC_DYNAMIC_NO_PIC = NO;
				GCC_NO_COMMON_BLOCKS = YES;
				GCC_OPTIMIZATION_LEVEL = 0;
				GCC_PREPROCESSOR_DEFINITIONS = (
					"DEBUG=1",
					"$(inherited)",
				);
				GCC_WARN_64_TO_32_BIT_CONVERSION = YES;
				GCC_WARN_ABOUT_RETURN_TYPE = YES_ERROR;
				GCC_WARN_UNDECLARED_SELECTOR = YES;
				GCC_WARN_UNINITIALIZED_AUTOS = YES_AGGRESSIVE;
				GCC_WARN_UNUSED_FUNCTION = YES;
				GCC_WARN_UNUSED_VARIABLE = YES;
				IPHONEOS_DEPLOYMENT_TARGET = 14.0;
				MTL_ENABLE_DEBUG_INFO = INCLUDE_SOURCE;
				MTL_FAST_MATH = YES;
				ONLY_ACTIVE_ARCH = YES;
				SDKROOT = iphoneos;
				SWIFT_ACTIVE_COMPILATION_CONDITIONS = DEBUG;
				SWIFT_OPTIMIZATION_LEVEL = "-Onone";
			};
			name = Debug;
		};
		B6F6CC332987B1FF00072BE4 /* Release */ = {
			isa = XCBuildConfiguration;
			buildSettings = {
				ALWAYS_SEARCH_USER_PATHS = NO;
				CLANG_ANALYZER_NONNULL = YES;
				CLANG_ANALYZER_NUMBER_OBJECT_CONVERSION = YES_AGGRESSIVE;
				CLANG_CXX_LANGUAGE_STANDARD = "gnu++17";
				CLANG_ENABLE_MODULES = YES;
				CLANG_ENABLE_OBJC_ARC = YES;
				CLANG_ENABLE_OBJC_WEAK = YES;
				CLANG_WARN_BLOCK_CAPTURE_AUTORELEASING = YES;
				CLANG_WARN_BOOL_CONVERSION = YES;
				CLANG_WARN_COMMA = YES;
				CLANG_WARN_CONSTANT_CONVERSION = YES;
				CLANG_WARN_DEPRECATED_OBJC_IMPLEMENTATIONS = YES;
				CLANG_WARN_DIRECT_OBJC_ISA_USAGE = YES_ERROR;
				CLANG_WARN_DOCUMENTATION_COMMENTS = YES;
				CLANG_WARN_EMPTY_BODY = YES;
				CLANG_WARN_ENUM_CONVERSION = YES;
				CLANG_WARN_INFINITE_RECURSION = YES;
				CLANG_WARN_INT_CONVERSION = YES;
				CLANG_WARN_NON_LITERAL_NULL_CONVERSION = YES;
				CLANG_WARN_OBJC_IMPLICIT_RETAIN_SELF = YES;
				CLANG_WARN_OBJC_LITERAL_CONVERSION = YES;
				CLANG_WARN_OBJC_ROOT_CLASS = YES_ERROR;
				CLANG_WARN_QUOTED_INCLUDE_IN_FRAMEWORK_HEADER = YES;
				CLANG_WARN_RANGE_LOOP_ANALYSIS = YES;
				CLANG_WARN_STRICT_PROTOTYPES = YES;
				CLANG_WARN_SUSPICIOUS_MOVE = YES;
				CLANG_WARN_UNGUARDED_AVAILABILITY = YES_AGGRESSIVE;
				CLANG_WARN_UNREACHABLE_CODE = YES;
				CLANG_WARN__DUPLICATE_METHOD_MATCH = YES;
				COPY_PHASE_STRIP = NO;
				DEBUG_INFORMATION_FORMAT = "dwarf-with-dsym";
				ENABLE_NS_ASSERTIONS = NO;
				ENABLE_STRICT_OBJC_MSGSEND = YES;
				GCC_C_LANGUAGE_STANDARD = gnu11;
				GCC_NO_COMMON_BLOCKS = YES;
				GCC_WARN_64_TO_32_BIT_CONVERSION = YES;
				GCC_WARN_ABOUT_RETURN_TYPE = YES_ERROR;
				GCC_WARN_UNDECLARED_SELECTOR = YES;
				GCC_WARN_UNINITIALIZED_AUTOS = YES_AGGRESSIVE;
				GCC_WARN_UNUSED_FUNCTION = YES;
				GCC_WARN_UNUSED_VARIABLE = YES;
				IPHONEOS_DEPLOYMENT_TARGET = 14.0;
				MTL_ENABLE_DEBUG_INFO = NO;
				MTL_FAST_MATH = YES;
				SDKROOT = iphoneos;
				SWIFT_COMPILATION_MODE = wholemodule;
				SWIFT_OPTIMIZATION_LEVEL = "-O";
				VALIDATE_PRODUCT = YES;
			};
			name = Release;
		};
		B6F6CC352987B1FF00072BE4 /* Debug */ = {
			isa = XCBuildConfiguration;
			baseConfigurationReference = 8E26B2FFC8FAD8AED520723A /* Pods-flutter_demo.debug.xcconfig */;
			buildSettings = {
				ASSETCATALOG_COMPILER_APPICON_NAME = AppIcon;
				ASSETCATALOG_COMPILER_GLOBAL_ACCENT_COLOR_NAME = AccentColor;
				CODE_SIGN_STYLE = Automatic;
				CURRENT_PROJECT_VERSION = 1;
				DEVELOPMENT_TEAM = 3UGN7659YZ;
				FRAMEWORK_SEARCH_PATHS = (
					"$(inherited)",
					"\"${PODS_CONFIGURATION_BUILD_DIR}/AFNetworking\"",
					"\"${PODS_CONFIGURATION_BUILD_DIR}/FlutterPluginRegistrant\"",
					"\"${PODS_CONFIGURATION_BUILD_DIR}/SDWebImage\"",
				);
				GENERATE_INFOPLIST_FILE = YES;
				HEADER_SEARCH_PATHS = (
					"$(inherited)",
					"\"${PODS_CONFIGURATION_BUILD_DIR}/AFNetworking/AFNetworking.framework/Headers\"",
					"\"${PODS_CONFIGURATION_BUILD_DIR}/FlutterPluginRegistrant/Flutter/FlutterPluginRegistrant.framework/Headers\"",
					"\"${PODS_CONFIGURATION_BUILD_DIR}/SDWebImage/SDWebImage.framework/Headers\"",
				);
				INFOPLIST_FILE = flutter_demo/Info.plist;
				INFOPLIST_KEY_UIApplicationSupportsIndirectInputEvents = YES;
				INFOPLIST_KEY_UILaunchStoryboardName = LaunchScreen;
				INFOPLIST_KEY_UIMainStoryboardFile = Main;
				INFOPLIST_KEY_UISupportedInterfaceOrientations_iPad = "UIInterfaceOrientationPortrait UIInterfaceOrientationPortraitUpsideDown UIInterfaceOrientationLandscapeLeft UIInterfaceOrientationLandscapeRight";
				INFOPLIST_KEY_UISupportedInterfaceOrientations_iPhone = "UIInterfaceOrientationPortrait UIInterfaceOrientationLandscapeLeft UIInterfaceOrientationLandscapeRight";
				LD_RUNPATH_SEARCH_PATHS = (
					"$(inherited)",
					"@executable_path/Frameworks",
				);
				MARKETING_VERSION = 1.0;
				PRODUCT_BUNDLE_IDENTIFIER = "ff.flutter-demo";
				PRODUCT_NAME = "$(TARGET_NAME)";
				SWIFT_EMIT_LOC_STRINGS = YES;
				SWIFT_VERSION = 4.0;
				TARGETED_DEVICE_FAMILY = "1,2";
			};
			name = Debug;
		};
		B6F6CC362987B1FF00072BE4 /* Release */ = {
			isa = XCBuildConfiguration;
			baseConfigurationReference = 644DED33D932BD9D4996139D /* Pods-flutter_demo.release.xcconfig */;
			buildSettings = {
				ASSETCATALOG_COMPILER_APPICON_NAME = AppIcon;
				ASSETCATALOG_COMPILER_GLOBAL_ACCENT_COLOR_NAME = AccentColor;
				CODE_SIGN_STYLE = Automatic;
				CURRENT_PROJECT_VERSION = 1;
				DEVELOPMENT_TEAM = 3UGN7659YZ;
				GENERATE_INFOPLIST_FILE = YES;
				HEADER_SEARCH_PATHS = (
					"$(inherited)",
					"\"${PODS_CONFIGURATION_BUILD_DIR}/AFNetworking/AFNetworking.framework/Headers\"",
					"\"${PODS_CONFIGURATION_BUILD_DIR}/FlutterPluginRegistrant/FlutterPluginRegistrant.framework/Headers\"",
					"\"${PODS_CONFIGURATION_BUILD_DIR}/SDWebImage/SDWebImage.framework/Headers\"",
				);
				INFOPLIST_FILE = flutter_demo/Info.plist;
				INFOPLIST_KEY_UIApplicationSupportsIndirectInputEvents = YES;
				INFOPLIST_KEY_UILaunchStoryboardName = LaunchScreen;
				INFOPLIST_KEY_UIMainStoryboardFile = Main;
				INFOPLIST_KEY_UISupportedInterfaceOrientations_iPad = "UIInterfaceOrientationPortrait UIInterfaceOrientationPortraitUpsideDown UIInterfaceOrientationLandscapeLeft UIInterfaceOrientationLandscapeRight";
				INFOPLIST_KEY_UISupportedInterfaceOrientations_iPhone = "UIInterfaceOrientationPortrait UIInterfaceOrientationLandscapeLeft UIInterfaceOrientationLandscapeRight";
				LD_RUNPATH_SEARCH_PATHS = (
					"$(inherited)",
					"@executable_path/Frameworks",
				);
				MARKETING_VERSION = 1.0;
				PRODUCT_BUNDLE_IDENTIFIER = "ff.flutter-demo";
				PRODUCT_NAME = "$(TARGET_NAME)";
				SWIFT_EMIT_LOC_STRINGS = YES;
				SWIFT_VERSION = 4.0;
				TARGETED_DEVICE_FAMILY = "1,2";
			};
			name = Release;
		};
		B6F6CC382987B1FF00072BE4 /* Debug */ = {
			isa = XCBuildConfiguration;
			buildSettings = {
				ALWAYS_EMBED_SWIFT_STANDARD_LIBRARIES = YES;
				BUNDLE_LOADER = "$(TEST_HOST)";
				CODE_SIGN_STYLE = Automatic;
				CURRENT_PROJECT_VERSION = 1;
				DEVELOPMENT_TEAM = 3UGN7659YZ;
				GENERATE_INFOPLIST_FILE = YES;
				IPHONEOS_DEPLOYMENT_TARGET = 15.5;
				MARKETING_VERSION = 1.0;
				PRODUCT_BUNDLE_IDENTIFIER = "ff.flutter-demoTests";
				PRODUCT_NAME = "$(TARGET_NAME)";
				SWIFT_EMIT_LOC_STRINGS = NO;
				SWIFT_VERSION = 4.0;
				TARGETED_DEVICE_FAMILY = "1,2";
				TEST_HOST = "$(BUILT_PRODUCTS_DIR)/flutter_demo.app/flutter_demo";
			};
			name = Debug;
		};
		B6F6CC392987B1FF00072BE4 /* Release */ = {
			isa = XCBuildConfiguration;
			buildSettings = {
				ALWAYS_EMBED_SWIFT_STANDARD_LIBRARIES = YES;
				BUNDLE_LOADER = "$(TEST_HOST)";
				CODE_SIGN_STYLE = Automatic;
				CURRENT_PROJECT_VERSION = 1;
				DEVELOPMENT_TEAM = 3UGN7659YZ;
				GENERATE_INFOPLIST_FILE = YES;
				IPHONEOS_DEPLOYMENT_TARGET = 15.5;
				MARKETING_VERSION = 1.0;
				PRODUCT_BUNDLE_IDENTIFIER = "ff.flutter-demoTests";
				PRODUCT_NAME = "$(TARGET_NAME)";
				SWIFT_EMIT_LOC_STRINGS = NO;
				SWIFT_VERSION = 4.0;
				TARGETED_DEVICE_FAMILY = "1,2";
				TEST_HOST = "$(BUILT_PRODUCTS_DIR)/flutter_demo.app/flutter_demo";
			};
			name = Release;
		};
		B6F6CC3B2987B1FF00072BE4 /* Debug */ = {
			isa = XCBuildConfiguration;
			buildSettings = {
				ALWAYS_EMBED_SWIFT_STANDARD_LIBRARIES = YES;
				CODE_SIGN_STYLE = Automatic;
				CURRENT_PROJECT_VERSION = 1;
				DEVELOPMENT_TEAM = 3UGN7659YZ;
				GENERATE_INFOPLIST_FILE = YES;
				MARKETING_VERSION = 1.0;
				PRODUCT_BUNDLE_IDENTIFIER = "ff.flutter-demoUITests";
				PRODUCT_NAME = "$(TARGET_NAME)";
				SWIFT_EMIT_LOC_STRINGS = NO;
				SWIFT_VERSION = 4.0;
				TARGETED_DEVICE_FAMILY = "1,2";
				TEST_TARGET_NAME = flutter_demo;
			};
			name = Debug;
		};
		B6F6CC3C2987B1FF00072BE4 /* Release */ = {
			isa = XCBuildConfiguration;
			buildSettings = {
				ALWAYS_EMBED_SWIFT_STANDARD_LIBRARIES = YES;
				CODE_SIGN_STYLE = Automatic;
				CURRENT_PROJECT_VERSION = 1;
				DEVELOPMENT_TEAM = 3UGN7659YZ;
				GENERATE_INFOPLIST_FILE = YES;
				MARKETING_VERSION = 1.0;
				PRODUCT_BUNDLE_IDENTIFIER = "ff.flutter-demoUITests";
				PRODUCT_NAME = "$(TARGET_NAME)";
				SWIFT_EMIT_LOC_STRINGS = NO;
				SWIFT_VERSION = 4.0;
				TARGETED_DEVICE_FAMILY = "1,2";
				TEST_TARGET_NAME = flutter_demo;
			};
			name = Release;
		};
/* End XCBuildConfiguration section */

/* Begin XCConfigurationList section */
		B6F6CC052987B1FE00072BE4 /* Build configuration list for PBXProject "flutter_demo" */ = {
			isa = XCConfigurationList;
			buildConfigurations = (
				B6F6CC322987B1FF00072BE4 /* Debug */,
				B6F6CC332987B1FF00072BE4 /* Release */,
			);
			defaultConfigurationIsVisible = 0;
			defaultConfigurationName = Release;
		};
		B6F6CC342987B1FF00072BE4 /* Build configuration list for PBXNativeTarget "flutter_demo" */ = {
			isa = XCConfigurationList;
			buildConfigurations = (
				B6F6CC352987B1FF00072BE4 /* Debug */,
				B6F6CC362987B1FF00072BE4 /* Release */,
			);
			defaultConfigurationIsVisible = 0;
			defaultConfigurationName = Release;
		};
		B6F6CC372987B1FF00072BE4 /* Build configuration list for PBXNativeTarget "flutter_demoTests" */ = {
			isa = XCConfigurationList;
			buildConfigurations = (
				B6F6CC382987B1FF00072BE4 /* Debug */,
				B6F6CC392987B1FF00072BE4 /* Release */,
			);
			defaultConfigurationIsVisible = 0;
			defaultConfigurationName = Release;
		};
		B6F6CC3A2987B1FF00072BE4 /* Build configuration list for PBXNativeTarget "flutter_demoUITests" */ = {
			isa = XCConfigurationList;
			buildConfigurations = (
				B6F6CC3B2987B1FF00072BE4 /* Debug */,
				B6F6CC3C2987B1FF00072BE4 /* Release */,
			);
			defaultConfigurationIsVisible = 0;
			defaultConfigurationName = Release;
		};
/* End XCConfigurationList section */
	};
	rootObject = B6F6CC022987B1FE00072BE4 /* Project object */;
}
